
Microsoft Visual Studio Solution File, Format Version 12.00
# Visual Studio Version 16
VisualStudioVersion = 16.0.30717.126
MinimumVisualStudioVersion = 10.0.40219.1
Project("{9A19103F-16F7-4668-BE54-9A1E7A4F7556}") = "AutoOption", "src\AutoOption\AutoOption.csproj", "{341E7A5A-CB66-406B-8281-8715FD738A04}"
EndProject
Project("{9A19103F-16F7-4668-BE54-9A1E7A4F7556}") = "AutoOption.Tests", "test\AutoOption.Tests\AutoOption.Tests.csproj", "{AAA36ABF-3193-4E11-99C0-585730EAFE3F}"
EndProject
Project("{2150E333-8FDC-42A3-9474-1A3956D46DE8}") = "src", "src", "{4CE6A431-1B5B-4A7A-82F7-224A705F09AA}"
EndProject
Project("{2150E333-8FDC-42A3-9474-1A3956D46DE8}") = "test", "test", "{2ACE758A-3A66-460E-AD79-0A83ED341359}"
EndProject
Project("{2150E333-8FDC-42A3-9474-1A3956D46DE8}") = "sample", "sample", "{F5E9671A-7D17-4FDB-81A8-1A38F233BFCB}"
EndProject
Project("{9A19103F-16F7-4668-BE54-9A1E7A4F7556}") = "AutoOption.Demo", "sample\AutoOption.Demo\AutoOption.Demo.csproj", "{D3D23148-9888-428D-8BC0-0AE2F3C933FB}"
EndProject
Project("{FAE04EC0-301F-11D3-BF4B-00C04F79EFBC}") = "AutoOption.Pages", "src\AutoOption.Pages\AutoOption.Pages.csproj", "{0CF03DC2-7FAE-4C64-BC10-1B6BC02B6103}"
EndProject
Global
	GlobalSection(SolutionConfigurationPlatforms) = preSolution
		Debug|Any CPU = Debug|Any CPU
		Release|Any CPU = Release|Any CPU
	EndGlobalSection
	GlobalSection(ProjectConfigurationPlatforms) = postSolution
		{341E7A5A-CB66-406B-8281-8715FD738A04}.Debug|Any CPU.ActiveCfg = Debug|Any CPU
		{341E7A5A-CB66-406B-8281-8715FD738A04}.Debug|Any CPU.Build.0 = Debug|Any CPU
		{341E7A5A-CB66-406B-8281-8715FD738A04}.Release|Any CPU.ActiveCfg = Release|Any CPU
		{341E7A5A-CB66-406B-8281-8715FD738A04}.Release|Any CPU.Build.0 = Release|Any CPU
		{AAA36ABF-3193-4E11-99C0-585730EAFE3F}.Debug|Any CPU.ActiveCfg = Debug|Any CPU
		{AAA36ABF-3193-4E11-99C0-585730EAFE3F}.Debug|Any CPU.Build.0 = Debug|Any CPU
		{AAA36ABF-3193-4E11-99C0-585730EAFE3F}.Release|Any CPU.ActiveCfg = Release|Any CPU
		{AAA36ABF-3193-4E11-99C0-585730EAFE3F}.Release|Any CPU.Build.0 = Release|Any CPU
		{D3D23148-9888-428D-8BC0-0AE2F3C933FB}.Debug|Any CPU.ActiveCfg = Debug|Any CPU
		{D3D23148-9888-428D-8BC0-0AE2F3C933FB}.Debug|Any CPU.Build.0 = Debug|Any CPU
		{D3D23148-9888-428D-8BC0-0AE2F3C933FB}.Release|Any CPU.ActiveCfg = Release|Any CPU
		{D3D23148-9888-428D-8BC0-0AE2F3C933FB}.Release|Any CPU.Build.0 = Release|Any CPU
		{0CF03DC2-7FAE-4C64-BC10-1B6BC02B6103}.Debug|Any CPU.ActiveCfg = Debug|Any CPU
		{0CF03DC2-7FAE-4C64-BC10-1B6BC02B6103}.Debug|Any CPU.Build.0 = Debug|Any CPU
		{0CF03DC2-7FAE-4C64-BC10-1B6BC02B6103}.Release|Any CPU.ActiveCfg = Release|Any CPU
		{0CF03DC2-7FAE-4C64-BC10-1B6BC02B6103}.Release|Any CPU.Build.0 = Release|Any CPU
	EndGlobalSection
	GlobalSection(SolutionProperties) = preSolution
		HideSolutionNode = FALSE
	EndGlobalSection
	GlobalSection(NestedProjects) = preSolution
		{341E7A5A-CB66-406B-8281-8715FD738A04} = {4CE6A431-1B5B-4A7A-82F7-224A705F09AA}
		{AAA36ABF-3193-4E11-99C0-585730EAFE3F} = {2ACE758A-3A66-460E-AD79-0A83ED341359}
		{D3D23148-9888-428D-8BC0-0AE2F3C933FB} = {F5E9671A-7D17-4FDB-81A8-1A38F233BFCB}
		{0CF03DC2-7FAE-4C64-BC10-1B6BC02B6103} = {4CE6A431-1B5B-4A7A-82F7-224A705F09AA}
	EndGlobalSection
	GlobalSection(ExtensibilityGlobals) = postSolution
		SolutionGuid = {10E63672-EFB9-4186-8B47-641EE1448075}
	EndGlobalSection
EndGlobal
